
Microsoft Visual Studio Solution File, Format Version 12.00
# Visual Studio Version 16
VisualStudioVersion = 16.0.31025.194
MinimumVisualStudioVersion = 10.0.40219.1
Project("{FAE04EC0-301F-11D3-BF4B-00C04F79EFBC}") = "Roommatch", "Roommatch\Roommatch.csproj", "{ADF4FA78-C63E-4119-BFCA-16AE868BF916}"
EndProject
Global
	GlobalSection(SolutionConfigurationPlatforms) = preSolution
		Debug|Any CPU = Debug|Any CPU
		Release|Any CPU = Release|Any CPU
	EndGlobalSection
	GlobalSection(ProjectConfigurationPlatforms) = postSolution
		{ADF4FA78-C63E-4119-BFCA-16AE868BF916}.Debug|Any CPU.ActiveCfg = Debug|Any CPU
		{ADF4FA78-C63E-4119-BFCA-16AE868BF916}.Debug|Any CPU.Build.0 = Debug|Any CPU
		{ADF4FA78-C63E-4119-BFCA-16AE868BF916}.Release|Any CPU.ActiveCfg = Release|Any CPU
		{ADF4FA78-C63E-4119-BFCA-16AE868BF916}.Release|Any CPU.Build.0 = Release|Any CPU
	EndGlobalSection
	GlobalSection(SolutionProperties) = preSolution
		HideSolutionNode = FALSE
	EndGlobalSection
	GlobalSection(ExtensibilityGlobals) = postSolution
		SolutionGuid = {A3729C63-2875-44F9-859A-706F8CF7A68D}
	EndGlobalSection
EndGlobal
